
Microsoft Visual Studio Solution File, Format Version 12.00
# Visual Studio Version 17
VisualStudioVersion = 17.6.33723.286
MinimumVisualStudioVersion = 10.0.40219.1
Project("{FAE04EC0-301F-11D3-BF4B-00C04F79EFBC}") = "Hackaton", "Hackaton\Hackaton.csproj", "{BBCACDB9-3EEE-43D0-B6E3-5FC75854D62E}"
EndProject
Global
	GlobalSection(SolutionConfigurationPlatforms) = preSolution
		Debug|Any CPU = Debug|Any CPU
		Release|Any CPU = Release|Any CPU
	EndGlobalSection
	GlobalSection(ProjectConfigurationPlatforms) = postSolution
		{BBCACDB9-3EEE-43D0-B6E3-5FC75854D62E}.Debug|Any CPU.ActiveCfg = Debug|Any CPU
		{BBCACDB9-3EEE-43D0-B6E3-5FC75854D62E}.Debug|Any CPU.Build.0 = Debug|Any CPU
		{BBCACDB9-3EEE-43D0-B6E3-5FC75854D62E}.Release|Any CPU.ActiveCfg = Release|Any CPU
		{BBCACDB9-3EEE-43D0-B6E3-5FC75854D62E}.Release|Any CPU.Build.0 = Release|Any CPU
	EndGlobalSection
	GlobalSection(SolutionProperties) = preSolution
		HideSolutionNode = FALSE
	EndGlobalSection
	GlobalSection(ExtensibilityGlobals) = postSolution
		SolutionGuid = {85F09507-9A70-47BB-877B-950378FD165D}
	EndGlobalSection
EndGlobal
